# This file is autogenerated, do not edit; changes may be undone by the next 'dep ensure'.


[[projects]]
  digest = "1:90712374305dcde4cd056ae5db878311af9f368a4f9ca852801ff76e14f9847f"
  name = "github.com/OloloevReal/go-simple-log"
  packages = ["."]
  pruneopts = "UT"
  revision = "f8308c6e944c8c7c10dd77cd6c8a65f1497529da"
  version = "v0.0.2"

[solve-meta]
  analyzer-name = "dep"
  analyzer-version = 1
  input-imports = ["github.com/OloloevReal/go-simple-log"]
  solver-name = "gps-cdcl"
  solver-version = 1
